
Microsoft Visual Studio Solution File, Format Version 12.00
# Visual Studio Version 17
VisualStudioVersion = 17.4.33205.214
MinimumVisualStudioVersion = 10.0.40219.1
Project("{888888A0-9F3D-457C-B088-3A5042F75D52}") = "Alina Golovats", "Alina Golovats.pyproj", "{C8E8D1FC-88C8-4643-AABE-6F33A4CD6D05}"
EndProject
Global
	GlobalSection(SolutionConfigurationPlatforms) = preSolution
		Debug|Any CPU = Debug|Any CPU
		Release|Any CPU = Release|Any CPU
	EndGlobalSection
	GlobalSection(ProjectConfigurationPlatforms) = postSolution
		{C8E8D1FC-88C8-4643-AABE-6F33A4CD6D05}.Debug|Any CPU.ActiveCfg = Debug|Any CPU
		{C8E8D1FC-88C8-4643-AABE-6F33A4CD6D05}.Release|Any CPU.ActiveCfg = Release|Any CPU
	EndGlobalSection
	GlobalSection(SolutionProperties) = preSolution
		HideSolutionNode = FALSE
	EndGlobalSection
	GlobalSection(ExtensibilityGlobals) = postSolution
		SolutionGuid = {FD789884-FC95-486E-A786-F120B63274A0}
	EndGlobalSection
EndGlobal
